{
    "_meta": {
        "hash": {
            "sha256": "50501cdef6c5ab81e323c122bf4f696b41dc02e2e21bcb56971385e697e3609a"
        },
        "pipfile-spec": 6,
        "requires": {
            "python_version": "3.9"
        },
        "sources": [
            {
                "name": "pypi",
                "url": "https://pypi.org/simple",
                "verify_ssl": true
            }
        ]
    },
    "default": {
        "attrs": {
            "hashes": [
                "sha256:2d27e3784d7a565d36ab851fe94887c5eccd6a463168875832a1be79c82828b4",
                "sha256:626ba8234211db98e869df76230a137c4c40a12d72445c45d5f5b716f076e2fd"
            ],
            "markers": "python_version >= '2.7' and python_version not in '3.0, 3.1, 3.2, 3.3, 3.4'",
            "version": "==21.4.0"
        },
        "deprecated": {
            "hashes": [
                "sha256:43ac5335da90c31c24ba028af536a91d41d53f9e6901ddb021bcc572ce44e38d",
                "sha256:64756e3e14c8c5eea9795d93c524551432a0be75629f8f29e67ab8caf076c76d"
            ],
            "markers": "python_version >= '2.7' and python_version not in '3.0, 3.1, 3.2, 3.3'",
            "version": "==1.2.13"
        },
        "flake8": {
            "hashes": [
                "sha256:479b1304f72536a55948cb40a32dce8bb0ffe3501e26eaf292c7e60eb5e0428d",
                "sha256:806e034dda44114815e23c16ef92f95c91e4c71100ff52813adf7132a6ad870d"
            ],
            "index": "pypi",
            "version": "==4.0.1"
        },
        "iniconfig": {
            "hashes": [
                "sha256:011e24c64b7f47f6ebd835bb12a743f2fbe9a26d4cecaa7f53bc4f35ee9da8b3",
                "sha256:bc3af051d7d14b2ee5ef9969666def0cd1a000e121eaea580d4a313df4b37f32"
            ],
            "version": "==1.1.1"
        },
        "joblib": {
            "hashes": [
                "sha256:4158fcecd13733f8be669be0683b96ebdbbd38d23559f54dca7205aea1bf1e35",
                "sha256:f21f109b3c7ff9d95f8387f752d0d9c34a02aa2f7060c2135f465da0e5160ff6"
            ],
            "markers": "python_version >= '3.6'",
            "version": "==1.1.0"
        },
        "llvmlite": {
            "hashes": [
                "sha256:0497a19428083a0544663732a925994d74e3b15c3c94946c6e7b6bf21a391264",
                "sha256:081d9c36d8e012b86bac02af49e225d883975ab5978ba33c3cc291474620c84d",
                "sha256:0fb7cb2907814dd03a152549d1c4dfee4854881d9cc7da85414b77903a681aa6",
                "sha256:17140e1462aa7f9250428fff7dd24187ea30498034a832bdb7385cbdc28fd4bf",
                "sha256:2426bfff67fdab577c7d5321c252d880434911caa6f9152f5be98da71b30e084",
                "sha256:2e8bbb8e97d7cc0b6d124ba9f8577955fdc7639715f925c410abe02d2bc92862",
                "sha256:37b66bf3624dd0b3739b4cf1b3cc3735dbe7799bc90d2a7a79a54b0ce37e1a38",
                "sha256:3f7b2838898c80557e959f83fb28d260e5e2301396f34830f3ec6811ae53f6be",
                "sha256:48558fddce5ff351f9de98beff35888aa351598e5635b3b91d67ec9e10d458cc",
                "sha256:5845432b4660c530d27c46434b9669290f205d9b1c1e02e52f43f6d11782b4be",
                "sha256:63e178c6f7872a39572e210cb266fb6db6386f5e622e2d8c79491b6d8c7aa942",
                "sha256:6a91e25488609cc91db91de206e023b7fe0889ac007adb31c713e685384497ba",
                "sha256:6b48c8fffc3512a2e97c6f70deb09eb49c419af66ced79e317cc2323117dcec6",
                "sha256:70734d46c2611f3fe765985fe356aaec393dc79bbd735f7f4d23f910b5148dc3",
                "sha256:7e07bacc2bb2ef1bf33dbf64d4bd13330baeae2287902100b144e43bcd1b066b",
                "sha256:87805405ccdd1add51f51d85997fbff01c920adf4da600dbe197e1f3eebd1e57",
                "sha256:8b88cc3c6c0010df8a720c777ef1c0879d304404e0727c4ac9e3dc98d5815e10",
                "sha256:a99d166ccf3b116f3b9ed23b9b70ba2415640a9c978f3aaa13fad49c58f4965c",
                "sha256:b040d392e998582883cd680e81afb4cd2d331d69cb93d605c735bfd2caa09805",
                "sha256:c0f11feda33f2b49abf5acc11828eebb3098050bbf6cd1cd75e2b05eb7676cb1",
                "sha256:c967b96d708556597e003217fd99f0c20e73d09c91d6d5054c538becc396ba79",
                "sha256:de321a680690d1ce040f34294d215ed0ac5fdcf7c98f044d11ac9b9d9ebc969f",
                "sha256:e1095557a27b041f1217036e568a5449d4b385c2415cb4316b2f5476f96e9a58",
                "sha256:f43861f382b954fbf2ff88db5f13b00ac11ec4353445d3ba80e1eadcdd06c149",
                "sha256:f7a438917c30e87ac79bb89c773c100560dc346e0f0b03aabd88a6f6de3556c6"
            ],
            "markers": "python_version < '3.11' and python_version >= '3.7'",
            "version": "==0.38.0"
        },
        "mccabe": {
            "hashes": [
                "sha256:ab8a6258860da4b6677da4bd2fe5dc2c659cff31b3ee4f7f5d64e79735b80d42",
                "sha256:dd8d182285a0fe56bace7f45b5e7d1a6ebcbf524e8f3bd87eb0f125271b8831f"
            ],
            "version": "==0.6.1"
        },
        "numba": {
            "hashes": [
                "sha256:02fb0ecd218ab1e1171cbaee11235a3a1f7dcf79dee3fa786243a2a6411f2fea",
                "sha256:03e9069a2666d1c84f93b00dbd716fb8fedde8bb2c6efafa2f04842a46442ea3",
                "sha256:0dc8294b2b6b2dbe3a709787bbb1e6f9dcef62197429de8daaa714d77052eefe",
                "sha256:230e542649c7087454bc851d2e22b5e15694b6cf0549a27234d1baea6c2e0a87",
                "sha256:39a109efc317e8eb786feff0a29476036971ce08e3280be8153c3b6c1ccba415",
                "sha256:4a5cb8930e729aeed96809524ca4df41b6f2432b379f220014ef4fdff21dbfe6",
                "sha256:53909143917ea4962cfbfae7038ac882987ff54cb2c408538ce71f83b356f106",
                "sha256:53ee562b873e00eaa26390690ac5d36b706782d429e5a18b255161f607f13c17",
                "sha256:64209d71b1e33415d5b1b177ed218d679062f844667dd279ee9094c4e3e2babc",
                "sha256:6aa8f18a003a0e4876826fe080e6038fc6da083899873b77172ec29c32e49b56",
                "sha256:6d0042371880fa56ed58be27502b11a08bff0b6335f0ebde82af1a7aef5e1287",
                "sha256:71815c501b2f6309c432e98ff93a582a9bfb61da943e0cb9a52595fadbb1131d",
                "sha256:77187ed09e6b25ae24b840e1acc4b5f9886b551cdc5f919ddad8e5933a6027d5",
                "sha256:a5af7f1d30f56029d1b9ea288372f924f9dcb322f0e6358f6d5203b20eb6f7a0",
                "sha256:ac6ae19ff5093a42bf8b365550322a2e39650d608daa379dff71571272d88d93",
                "sha256:adc88fe64f5235c8b1e7230ae29476a08ffb61a65e9f79f745bd357f215e2d52",
                "sha256:b72350160eb9a73a36aa17d808f954353a263a0295d495497c87439d79bdaec7",
                "sha256:bcd5e09dba5e19ff7a1b9716a1ce58f0931cec09515683011e57415c6a33ac3d",
                "sha256:be56fb78303973e6c19c7c2759996a5863bac69ca87570543d9f18f2f287a441",
                "sha256:cddc13939e2b27782258826686800ae9c2e90b35c36ef1ab5ccfae7cedca0516",
                "sha256:d5ee721ce884f8313802295633fdd3e7c83541e0917bafea2bdfed6aabab93bf",
                "sha256:d80afc5618e66af2d101eff0e6214acb865136ae886d8b01414ca3dedd9166d6",
                "sha256:ee71407be9cba09b4f68afa668317e97d66d5f83c37ab4caa20d8abcf5fad32b",
                "sha256:fee529ddc9c0584b932f7885735162e52344eded8c01c78c17e2768aa6787780",
                "sha256:ff5ed5c7665f8a5405af53332d224caca68358909abde9ca8dfef3495cdea789"
            ],
            "markers": "python_version < '3.11' and python_version >= '3.7'",
            "version": "==0.55.1"
        },
        "numpy": {
            "hashes": [
                "sha256:00c9fa73a6989895b8815d98300a20ac993c49ac36c8277e8ffeaa3631c0dbbb",
                "sha256:025b497014bc33fc23897859350f284323f32a2fff7654697f5a5fc2a19e9939",
                "sha256:08de8472d9f7571f9d51b27b75e827f5296295fa78817032e84464be8bb905bc",
                "sha256:1964db2d4a00348b7a60ee9d013c8cb0c566644a589eaa80995126eac3b99ced",
                "sha256:2a9add27d7fc0fdb572abc3b2486eb3b1395da71e0254c5552b2aad2a18b5441",
                "sha256:2d8adfca843bc46ac199a4645233f13abf2011a0b2f4affc5c37cd552626f27b",
                "sha256:301e408a052fdcda5cdcf03021ebafc3c6ea093021bf9d1aa47c54d48bdad166",
                "sha256:311283acf880cfcc20369201bd75da907909afc4666966c7895cbed6f9d2c640",
                "sha256:341dddcfe3b7b6427a28a27baa59af5ad51baa59bfec3264f1ab287aa3b30b13",
                "sha256:3a5098df115340fb17fc93867317a947e1dcd978c3888c5ddb118366095851f8",
                "sha256:3c978544be9e04ed12016dd295a74283773149b48f507d69b36f91aa90a643e5",
                "sha256:3d893b0871322eaa2f8c7072cdb552d8e2b27645b7875a70833c31e9274d4611",
                "sha256:4fe6a006557b87b352c04596a6e3f12a57d6e5f401d804947bd3188e6b0e0e76",
                "sha256:507c05c7a37b3683eb08a3ff993bd1ee1e6c752f77c2f275260533b265ecdb6c",
                "sha256:58ca1d7c8aef6e996112d0ce873ac9dfa1eaf4a1196b4ff7ff73880a09923ba7",
                "sha256:61bada43d494515d5b122f4532af226fdb5ee08fe5b5918b111279843dc6836a",
                "sha256:69a5a8d71c308d7ef33ef72371c2388a90e3495dbb7993430e674006f94797d5",
                "sha256:6a5928bc6241264dce5ed509e66f33676fc97f464e7a919edc672fb5532221ee",
                "sha256:7b9d6b14fc9a4864b08d1ba57d732b248f0e482c7b2ff55c313137e3ed4d8449",
                "sha256:a7c4b701ca418cd39e28ec3b496e6388fe06de83f5f0cb74794fa31cfa384c02",
                "sha256:a7e8f6216f180f3fd4efb73de5d1eaefb5f5a1ee5b645c67333033e39440e63a",
                "sha256:b545ebadaa2b878c8630e5bcdb97fc4096e779f335fc0f943547c1c91540c815",
                "sha256:c293d3c0321996cd8ffe84215ffe5d269fd9d1d12c6f4ffe2b597a7c30d3e593",
                "sha256:c5562bcc1a9b61960fc8950ade44d00e3de28f891af0acc96307c73613d18f6e",
                "sha256:ca9c23848292c6fe0a19d212790e62f398fd9609aaa838859be8459bfbe558aa",
                "sha256:cc1b30205d138d1005adb52087ff45708febbef0e420386f58664f984ef56954",
                "sha256:dbce7adeb66b895c6aaa1fad796aaefc299ced597f6fbd9ceddb0dd735245354",
                "sha256:dc4b2fb01f1b4ddbe2453468ea0719f4dbb1f5caa712c8b21bb3dd1480cd30d9",
                "sha256:eed2afaa97ec33b4411995be12f8bdb95c87984eaa28d76cf628970c8a2d689a",
                "sha256:fc7a7d7b0ed72589fd8b8486b9b42a564f10b8762be8bd4d9df94b807af4a089"
            ],
            "markers": "python_version < '3.11' and python_version >= '3.7'",
            "version": "==1.21.5"
        },
        "packaging": {
            "hashes": [
                "sha256:dd47c42927d89ab911e606518907cc2d3a1f38bbd026385970643f9c5b8ecfeb",
                "sha256:ef103e05f519cdc783ae24ea4e2e0f508a9c99b2d4969652eed6a2e1ea5bd522"
            ],
            "markers": "python_version >= '3.6'",
            "version": "==21.3"
        },
        "pandas": {
            "hashes": [
                "sha256:0f19504f2783526fb5b4de675ea69d68974e21c1624f4b92295d057a31d5ec5f",
                "sha256:156aac90dd7b303bf0b91bae96c0503212777f86c731e41929c571125d26c8e9",
                "sha256:1d59c958d6b8f96fdf850c7821571782168d5acfe75ccf78cd8d1ac15fb921df",
                "sha256:1f3b74335390dda49f5d5089fab71958812bf56f42aa27663ee4c16d19f4f1c5",
                "sha256:23c04dab11f3c6359cfa7afa83d3d054a8f8c283d773451184d98119ef54da97",
                "sha256:2dad075089e17a72391de33021ad93720aff258c3c4b68c78e1cafce7e447045",
                "sha256:46a18572f3e1cb75db59d9461940e9ba7ee38967fa48dd58f4139197f6e32280",
                "sha256:4a8d5a200f8685e7ea562b2f022c77ab7cb82c1ca5b240e6965faa6f84e5c1e9",
                "sha256:51e5da3802aaee1aa4254108ffaf1129a15fb3810b7ce8da1ec217c655b418f5",
                "sha256:5229c95db3a907451dacebc551492db6f7d01743e49bbc862f4a6010c227d187",
                "sha256:5280d057ddae06fe4a3cd6aa79040b8c205cd6dd21743004cf8635f39ed01712",
                "sha256:55ec0e192eefa26d823fc25a1f213d6c304a3592915f368e360652994cdb8d9a",
                "sha256:73f7da2ccc38cc988b74e5400b430b7905db5f2c413ff215506bea034eaf832d",
                "sha256:784cca3f69cfd7f6bd7c7fdb44f2bbab17e6de55725e9ff36d6f382510dfefb5",
                "sha256:b5af258c7b090cca7b742cf2bd67ad1919aa9e4e681007366c9edad2d6a3d42b",
                "sha256:cdd76254c7f0a1583bd4e4781fb450d0ebf392e10d3f12e92c95575942e37df5",
                "sha256:de62cf699122dcef175988f0714678e59c453dc234c5b47b7136bfd7641e3c8c",
                "sha256:de8f8999864399529e8514a2e6bfe00fd161f0a667903655552ed12e583ae3cb",
                "sha256:f045bb5c6bfaba536089573bf97d6b8ccc7159d951fe63904c395a5e486fbe14",
                "sha256:f103a5cdcd66cb18882ccdc18a130c31c3cfe3529732e7f10a8ab3559164819c",
                "sha256:fe454180ad31bbbe1e5d111b44443258730467f035e26b4e354655ab59405871"
            ],
            "markers": "python_version >= '3.8'",
            "version": "==1.4.0"
        },
        "patsy": {
            "hashes": [
                "sha256:5053de7804676aba62783dbb0f23a2b3d74e35e5bfa238b88b7cbf148a38b69d",
                "sha256:cc80955ae8c13a7e7c4051eda7b277c8f909f50bc7d73e124bc38e2ee3d95041"
            ],
            "version": "==0.5.2"
        },
        "pluggy": {
            "hashes": [
                "sha256:4224373bacce55f955a878bf9cfa763c1e360858e330072059e10bad68531159",
                "sha256:74134bbf457f031a36d68416e1509f34bd5ccc019f0bcc952c7b909d06b37bd3"
            ],
            "markers": "python_version >= '3.6'",
            "version": "==1.0.0"
        },
        "py": {
            "hashes": [
                "sha256:51c75c4126074b472f746a24399ad32f6053d1b34b68d2fa41e558e6f4a98719",
                "sha256:607c53218732647dff4acdfcd50cb62615cedf612e72d1724fb1a0cc6405b378"
            ],
            "markers": "python_version >= '2.7' and python_version not in '3.0, 3.1, 3.2, 3.3, 3.4'",
            "version": "==1.11.0"
        },
        "pycodestyle": {
            "hashes": [
                "sha256:720f8b39dde8b293825e7ff02c475f3077124006db4f440dcbc9a20b76548a20",
                "sha256:eddd5847ef438ea1c7870ca7eb78a9d47ce0cdb4851a5523949f2601d0cbbe7f"
            ],
            "markers": "python_version >= '2.7' and python_version not in '3.0, 3.1, 3.2, 3.3, 3.4'",
            "version": "==2.8.0"
        },
        "pyflakes": {
            "hashes": [
                "sha256:05a85c2872edf37a4ed30b0cce2f6093e1d0581f8c19d7393122da7e25b2b24c",
                "sha256:3bb3a3f256f4b7968c9c788781e4ff07dce46bdf12339dcda61053375426ee2e"
            ],
            "markers": "python_version >= '2.7' and python_version not in '3.0, 3.1, 3.2, 3.3'",
            "version": "==2.4.0"
        },
        "pyparsing": {
            "hashes": [
                "sha256:18ee9022775d270c55187733956460083db60b37d0d0fb357445f3094eed3eea",
                "sha256:a6c06a88f252e6c322f65faf8f418b16213b51bdfaece0524c1c1bc30c63c484"
            ],
            "markers": "python_version >= '3.6'",
            "version": "==3.0.7"
        },
        "pytest": {
            "hashes": [
                "sha256:42901e6bd4bd4a0e533358a86e848427a49005a3256f657c5c8f8dd35ef137a9",
                "sha256:dad48ffda394e5ad9aa3b7d7ddf339ed502e5e365b1350e0af65f4a602344b11"
            ],
            "index": "pypi",
            "version": "==7.0.0"
        },
        "python-dateutil": {
            "hashes": [
                "sha256:0123cacc1627ae19ddf3c27a5de5bd67ee4586fbdd6440d9748f8abb483d3e86",
                "sha256:961d03dc3453ebbc59dbdea9e4e11c5651520a876d0f4db161e8674aae935da9"
            ],
            "markers": "python_version >= '2.7' and python_version not in '3.0, 3.1, 3.2, 3.3'",
            "version": "==2.8.2"
        },
        "pytz": {
            "hashes": [
                "sha256:3672058bc3453457b622aab7a1c3bfd5ab0bdae451512f6cf25f64ed37f5b87c",
                "sha256:acad2d8b20a1af07d4e4c9d2e9285c5ed9104354062f275f3fcd88dcef4f1326"
            ],
            "version": "==2021.3"
        },
        "scikit-learn": {
            "hashes": [
                "sha256:08ef968f6b72033c16c479c966bf37ccd49b06ea91b765e1cc27afefe723920b",
                "sha256:158faf30684c92a78e12da19c73feff9641a928a8024b4fa5ec11d583f3d8a87",
                "sha256:16455ace947d8d9e5391435c2977178d0ff03a261571e67f627c8fee0f9d431a",
                "sha256:245c9b5a67445f6f044411e16a93a554edc1efdcce94d3fc0bc6a4b9ac30b752",
                "sha256:285db0352e635b9e3392b0b426bc48c3b485512d3b4ac3c7a44ec2a2ba061e66",
                "sha256:2f3b453e0b149898577e301d27e098dfe1a36943f7bb0ad704d1e548efc3b448",
                "sha256:46f431ec59dead665e1370314dbebc99ead05e1c0a9df42f22d6a0e00044820f",
                "sha256:55f2f3a8414e14fbee03782f9fe16cca0f141d639d2b1c1a36779fa069e1db57",
                "sha256:5cb33fe1dc6f73dc19e67b264dbb5dde2a0539b986435fdd78ed978c14654830",
                "sha256:75307d9ea39236cad7eea87143155eea24d48f93f3a2f9389c817f7019f00705",
                "sha256:7626a34eabbf370a638f32d1a3ad50526844ba58d63e3ab81ba91e2a7c6d037e",
                "sha256:7a93c1292799620df90348800d5ac06f3794c1316ca247525fa31169f6d25855",
                "sha256:7d6b2475f1c23a698b48515217eb26b45a6598c7b1840ba23b3c5acece658dbb",
                "sha256:80095a1e4b93bd33261ef03b9bc86d6db649f988ea4dbcf7110d0cded8d7213d",
                "sha256:85260fb430b795d806251dd3bb05e6f48cdc777ac31f2bcf2bc8bbed3270a8f5",
                "sha256:9369b030e155f8188743eb4893ac17a27f81d28a884af460870c7c072f114243",
                "sha256:a053a6a527c87c5c4fa7bf1ab2556fa16d8345cf99b6c5a19030a4a7cd8fd2c0",
                "sha256:a90b60048f9ffdd962d2ad2fb16367a87ac34d76e02550968719eb7b5716fd10",
                "sha256:a999c9f02ff9570c783069f1074f06fe7386ec65b84c983db5aeb8144356a355",
                "sha256:b1391d1a6e2268485a63c3073111fe3ba6ec5145fc957481cfd0652be571226d",
                "sha256:b54a62c6e318ddbfa7d22c383466d38d2ee770ebdb5ddb668d56a099f6eaf75f",
                "sha256:b5870959a5484b614f26d31ca4c17524b1b0317522199dc985c3b4256e030767",
                "sha256:bc3744dabc56b50bec73624aeca02e0def06b03cb287de26836e730659c5d29c",
                "sha256:d93d4c28370aea8a7cbf6015e8a669cd5d69f856cc2aa44e7a590fb805bb5583",
                "sha256:d9aac97e57c196206179f674f09bc6bffcd0284e2ba95b7fe0b402ac3f986023",
                "sha256:da3c84694ff693b5b3194d8752ccf935a665b8b5edc33a283122f4273ca3e687",
                "sha256:e174242caecb11e4abf169342641778f68e1bfaba80cd18acd6bc84286b9a534",
                "sha256:eabceab574f471de0b0eb3f2ecf2eee9f10b3106570481d007ed1c84ebf6d6a1",
                "sha256:f14517e174bd7332f1cca2c959e704696a5e0ba246eb8763e6c24876d8710049",
                "sha256:fa38a1b9b38ae1fad2863eff5e0d69608567453fdfc850c992e6e47eb764e846",
                "sha256:ff3fa8ea0e09e38677762afc6e14cad77b5e125b0ea70c9bba1992f02c93b028",
                "sha256:ff746a69ff2ef25f62b36338c615dd15954ddc3ab8e73530237dd73235e76d62"
            ],
            "index": "pypi",
            "version": "==1.0.2"
        },
        "scipy": {
            "hashes": [
                "sha256:011d4386b53b933142f58a652aa0f149c9b9242abd4f900b9f4ea5fbafc86b89",
                "sha256:16e09ef68b352d73befa8bcaf3ebe25d3941fe1a58c82909d5589856e6bc8174",
                "sha256:31d4f2d6b724bc9a98e527b5849b8a7e589bf1ea630c33aa563eda912c9ff0bd",
                "sha256:38aa39b6724cb65271e469013aeb6f2ce66fd44f093e241c28a9c6bc64fd79ed",
                "sha256:3d573228c10a3a8c32b9037be982e6440e411b443a6267b067cac72f690b8d56",
                "sha256:3d9dd6c8b93a22bf9a3a52d1327aca7e092b1299fb3afc4f89e8eba381be7b59",
                "sha256:559a8a4c03a5ba9fe3232f39ed24f86457e4f3f6c0abbeae1fb945029f092720",
                "sha256:5e73343c5e0d413c1f937302b2e04fb07872f5843041bcfd50699aef6e95e399",
                "sha256:723b9f878095ed994756fa4ee3060c450e2db0139c5ba248ee3f9628bd64e735",
                "sha256:87b01c7d5761e8a266a0fbdb9d88dcba0910d63c1c671bdb4d99d29f469e9e03",
                "sha256:8f4d059a97b29c91afad46b1737274cb282357a305a80bdd9e8adf3b0ca6a3f0",
                "sha256:92b2c2af4183ed09afb595709a8ef5783b2baf7f41e26ece24e1329c109691a7",
                "sha256:937d28722f13302febde29847bbe554b89073fbb924a30475e5ed7b028898b5f",
                "sha256:a279e27c7f4566ef18bab1b1e2c37d168e365080974758d107e7d237d3f0f484",
                "sha256:ad5be4039147c808e64f99c0e8a9641eb5d2fa079ff5894dcd8240e94e347af4",
                "sha256:ae3e327da323d82e918e593460e23babdce40d7ab21490ddf9fc06dec6b91a18",
                "sha256:bb7088e89cd751acf66195d2f00cf009a1ea113f3019664032d9075b1e727b6c",
                "sha256:c17a1878d00a5dd2797ccd73623ceca9d02375328f6218ee6d921e1325e61aff",
                "sha256:c2bae431d127bf0b1da81fc24e4bba0a84d058e3a96b9dd6475dfcb3c5e8761e",
                "sha256:de2e80ee1d925984c2504812a310841c241791c5279352be4707cdcd7c255039",
                "sha256:e6f0cd9c0bd374ef834ee1e0f0999678d49dcc400ea6209113d81528958f97c7",
                "sha256:f3720d0124aced49f6f2198a6900304411dbbeed12f56951d7c66ebef05e3df6",
                "sha256:f4a6d3b9f9797eb2d43938ac2c5d96d02aed17ef170c8b38f11798717523ddba"
            ],
            "markers": "python_version < '3.11' and python_version >= '3.8'",
            "version": "==1.8.0"
        },
        "setuptools": {
            "hashes": [
                "sha256:4f783948909b28124388eef286572e9e69c228b6866d44ac7475bd82e94b6503",
                "sha256:5d7a302d3c3ae24d3bbaaecf5c4544056b2dd44b3e6690014dc096d64f12d672"
            ],
            "markers": "python_version >= '3.7'",
            "version": "==60.8.0"
        },
        "six": {
            "hashes": [
                "sha256:1e61c37477a1626458e36f7b1d82aa5c9b094fa4802892072e49de9c60c4c926",
                "sha256:8abb2f1d86890a2dfb989f9a77cfcfd3e47c2a354b01111771326f8aa26e0254"
            ],
            "markers": "python_version >= '2.7' and python_version not in '3.0, 3.1, 3.2, 3.3'",
            "version": "==1.16.0"
        },
        "sktime": {
            "hashes": [
                "sha256:5a3f520ba57221f97b0e77779c7a16f504c1a784b209768a22070f6b031f6d9e",
                "sha256:f7f9a5aa5ab38ef694e17eeb875cb2a6128f32e835dc7ad2e0e98191008fa8f3"
            ],
            "index": "pypi",
            "version": "==0.10.0"
        },
        "statsmodels": {
            "hashes": [
                "sha256:006ec8d896d238873af8178d5475203844f2c391194ed8d42ddac37f5ff77a69",
                "sha256:07031985eb97190b8fef29c818ced065738de9043a886d11896ba40c90b64e07",
                "sha256:0caa9f4d544c84a9e656946865dce17eb7cc32a9d3aff86bdbac7e87928341f1",
                "sha256:0cccdce24b00b30206ac9a17a963a51ba07d98931ae70e5b8b57ddc896527e83",
                "sha256:0d5dec29a9106e4c5b2705b43b516fa02011858a79b3cd53d65704e5258beb03",
                "sha256:12695c4a402ca136f00fae895fa1f4d58f05cbcac152b3d76edf49c64da4caca",
                "sha256:1634fad45c14f703c886fdbaf9a7c5b22514338bab5d30e17167a2bfe7ef93cd",
                "sha256:187c19d27764b6b06322eaa1e3443e9db703a7254df8291d642c4c630e10cc43",
                "sha256:2a0a154c294171c775c67cd9a8d9adb69a5bc29f2c203632b7d5f191cc7e2c81",
                "sha256:2c06e63be9d6ce367c548c95abec85af6ad7495d8d665549424af86cfbc63d1f",
                "sha256:2e156ea80804b2da5bade1ec8d8c87c795971c12fa9a8eaf7023d6a12a21d398",
                "sha256:3ccb2d8d95bd3890647f4f3bdd8e7d9059878ffda9fb7c29653ff8a7aad430ea",
                "sha256:50009b170800c7ae9635dc9eed57c50a6caa5fd0055afac7fd87510eeb6a7f83",
                "sha256:723fa3511814579fb837b13648d2d90282475baef186353d1a04b51a4b1ab50f",
                "sha256:731391b28949deebb463810a213d05a344f00d739f49d4cc16873474bd28fba0",
                "sha256:7dc2bdfb9ba92e4d306d6e6a24f29006ab0e52dc500af7d3ad576ff00831d276",
                "sha256:8483e09b5d1583fc23f029440b1e7ef2ea52227d084ffe944a5f8222aadb9e4d",
                "sha256:8fb372e166babc7e976974814c1448891e467dbe77062914377ad5cda5dd2f8a",
                "sha256:92bd818b65cf60b7440876d7428cc069efad018d5ba2b9b35497fb7e221e0ea7",
                "sha256:939859be32cadf53617d6a24c05f3df1a5b03a5444b3ed26ae62ffa9ffe54169",
                "sha256:960e65b7ed1adbe89b8f2c5656ef99bc17dd5d56e334a074883282dce03703cd",
                "sha256:ae0a7265fb00b9d188346b938e4883b5fc0a4fa891b9baf013d9b9fada9cb4d3",
                "sha256:b2fe07732807423a051c3d322ca7bf2f386688482a38c9a9da32539534710aad",
                "sha256:b702959e76036bffe49943fffb23d6a3357b0283967ed97c45f2f0ca835702cb",
                "sha256:b801978a2ba5c490fe20a3d56d52c4efb1219ce4d56d3dc295fa51d1edea4960",
                "sha256:b80b0319df7b7c09e466a19c0e643eefce773c535b08c4de9589a6b81b3df4f1",
                "sha256:b80e72f86769b5862c19ba7257dc21e2b449c99eacd267b12fd41620480402a2",
                "sha256:bc972b34bed07e56d65edfc75f1dfa93ee7c0f00d1efd35b6242bed93b15547d",
                "sha256:d039937c4cf2cccc254db7e4d32df4696b614b9d27cf6756e3ddda2803eb3c8e",
                "sha256:d5667aa19384c4f2520c8e9a09aff1f6538bb4779f1b08fa8ecb9e134dafef69",
                "sha256:d6cc88f7a36681a10d5fea9d557c053eecd12a083c623f31e04208751e01954a",
                "sha256:dbfced7327766960226852c4849e76eec86e222692ca9af69e9bba31dadf7527",
                "sha256:dc3bc435024996d1a11233fd8dbd18ac2f52259c667ff2a2e22c3e1203f44fe5",
                "sha256:e2e8420c5afa623e1e3a4d38eb67c7bf2825c4ea9be40509c2f692f9c9bfaab7",
                "sha256:e54f837ced60857029c198f51df87062a2cd9d620d6202d7c775b1405e66b690",
                "sha256:f39280920007633dba527a7f81d56230a6ffb04a79a9c364d4547fa46136d06f",
                "sha256:fd106fab426969782c755e7be3734c3a6bd960a885b665f2c463bff6112a09f8"
            ],
            "markers": "python_version >= '3.7'",
            "version": "==0.13.1"
        },
        "threadpoolctl": {
            "hashes": [
                "sha256:8b99adda265feb6773280df41eece7b2e6561b772d21ffd52e372f999024907b",
                "sha256:a335baacfaa4400ae1f0d8e3a58d6674d2f8828e3716bb2802c44955ad391380"
            ],
            "markers": "python_version >= '3.6'",
            "version": "==3.1.0"
        },
        "tomli": {
            "hashes": [
                "sha256:b5bde28da1fed24b9bd1d4d2b8cba62300bfb4ec9a6187a957e8ddb9434c5224",
                "sha256:c292c34f58502a1eb2bbb9f5bbc9a5ebc37bee10ffb8c2d6bbdfa8eb13cc14e1"
            ],
            "markers": "python_version >= '3.7'",
            "version": "==2.0.0"
        },
        "wrapt": {
            "hashes": [
                "sha256:086218a72ec7d986a3eddb7707c8c4526d677c7b35e355875a0fe2918b059179",
                "sha256:0877fe981fd76b183711d767500e6b3111378ed2043c145e21816ee589d91096",
                "sha256:0a017a667d1f7411816e4bf214646d0ad5b1da2c1ea13dec6c162736ff25a374",
                "sha256:0cb23d36ed03bf46b894cfec777eec754146d68429c30431c99ef28482b5c1df",
                "sha256:1fea9cd438686e6682271d36f3481a9f3636195578bab9ca3382e2f5f01fc185",
                "sha256:220a869982ea9023e163ba915077816ca439489de6d2c09089b219f4e11b6785",
                "sha256:25b1b1d5df495d82be1c9d2fad408f7ce5ca8a38085e2da41bb63c914baadff7",
                "sha256:2dded5496e8f1592ec27079b28b6ad2a1ef0b9296d270f77b8e4a3a796cf6909",
                "sha256:2ebdde19cd3c8cdf8df3fc165bc7827334bc4e353465048b36f7deeae8ee0918",
                "sha256:43e69ffe47e3609a6aec0fe723001c60c65305784d964f5007d5b4fb1bc6bf33",
                "sha256:46f7f3af321a573fc0c3586612db4decb7eb37172af1bc6173d81f5b66c2e068",
                "sha256:47f0a183743e7f71f29e4e21574ad3fa95676136f45b91afcf83f6a050914829",
                "sha256:498e6217523111d07cd67e87a791f5e9ee769f9241fcf8a379696e25806965af",
                "sha256:4b9c458732450ec42578b5642ac53e312092acf8c0bfce140ada5ca1ac556f79",
                "sha256:51799ca950cfee9396a87f4a1240622ac38973b6df5ef7a41e7f0b98797099ce",
                "sha256:5601f44a0f38fed36cc07db004f0eedeaadbdcec90e4e90509480e7e6060a5bc",
                "sha256:5f223101f21cfd41deec8ce3889dc59f88a59b409db028c469c9b20cfeefbe36",
                "sha256:610f5f83dd1e0ad40254c306f4764fcdc846641f120c3cf424ff57a19d5f7ade",
                "sha256:6a03d9917aee887690aa3f1747ce634e610f6db6f6b332b35c2dd89412912bca",
                "sha256:705e2af1f7be4707e49ced9153f8d72131090e52be9278b5dbb1498c749a1e32",
                "sha256:766b32c762e07e26f50d8a3468e3b4228b3736c805018e4b0ec8cc01ecd88125",
                "sha256:77416e6b17926d953b5c666a3cb718d5945df63ecf922af0ee576206d7033b5e",
                "sha256:778fd096ee96890c10ce96187c76b3e99b2da44e08c9e24d5652f356873f6709",
                "sha256:78dea98c81915bbf510eb6a3c9c24915e4660302937b9ae05a0947164248020f",
                "sha256:7dd215e4e8514004c8d810a73e342c536547038fb130205ec4bba9f5de35d45b",
                "sha256:7dde79d007cd6dfa65afe404766057c2409316135cb892be4b1c768e3f3a11cb",
                "sha256:81bd7c90d28a4b2e1df135bfbd7c23aee3050078ca6441bead44c42483f9ebfb",
                "sha256:85148f4225287b6a0665eef08a178c15097366d46b210574a658c1ff5b377489",
                "sha256:865c0b50003616f05858b22174c40ffc27a38e67359fa1495605f96125f76640",
                "sha256:87883690cae293541e08ba2da22cacaae0a092e0ed56bbba8d018cc486fbafbb",
                "sha256:8aab36778fa9bba1a8f06a4919556f9f8c7b33102bd71b3ab307bb3fecb21851",
                "sha256:8c73c1a2ec7c98d7eaded149f6d225a692caa1bd7b2401a14125446e9e90410d",
                "sha256:936503cb0a6ed28dbfa87e8fcd0a56458822144e9d11a49ccee6d9a8adb2ac44",
                "sha256:944b180f61f5e36c0634d3202ba8509b986b5fbaf57db3e94df11abee244ba13",
                "sha256:96b81ae75591a795d8c90edc0bfaab44d3d41ffc1aae4d994c5aa21d9b8e19a2",
                "sha256:981da26722bebb9247a0601e2922cedf8bb7a600e89c852d063313102de6f2cb",
                "sha256:ae9de71eb60940e58207f8e71fe113c639da42adb02fb2bcbcaccc1ccecd092b",
                "sha256:b73d4b78807bd299b38e4598b8e7bd34ed55d480160d2e7fdaabd9931afa65f9",
                "sha256:d4a5f6146cfa5c7ba0134249665acd322a70d1ea61732723c7d3e8cc0fa80755",
                "sha256:dd91006848eb55af2159375134d724032a2d1d13bcc6f81cd8d3ed9f2b8e846c",
                "sha256:e05e60ff3b2b0342153be4d1b597bbcfd8330890056b9619f4ad6b8d5c96a81a",
                "sha256:e6906d6f48437dfd80464f7d7af1740eadc572b9f7a4301e7dd3d65db285cacf",
                "sha256:e92d0d4fa68ea0c02d39f1e2f9cb5bc4b4a71e8c442207433d8db47ee79d7aa3",
                "sha256:e94b7d9deaa4cc7bac9198a58a7240aaf87fe56c6277ee25fa5b3aa1edebd229",
                "sha256:ea3e746e29d4000cd98d572f3ee2a6050a4f784bb536f4ac1f035987fc1ed83e",
                "sha256:ec7e20258ecc5174029a0f391e1b948bf2906cd64c198a9b8b281b811cbc04de",
                "sha256:ec9465dd69d5657b5d2fa6133b3e1e989ae27d29471a672416fd729b429eb554",
                "sha256:f122ccd12fdc69628786d0c947bdd9cb2733be8f800d88b5a37c57f1f1d73c10",
                "sha256:f99c0489258086308aad4ae57da9e8ecf9e1f3f30fa35d5e170b4d4896554d80",
                "sha256:f9c51d9af9abb899bd34ace878fbec8bf357b3194a10c4e8e0a25512826ef056",
                "sha256:fd76c47f20984b43d93de9a82011bb6e5f8325df6c9ed4d8310029a55fa361ea"
            ],
            "markers": "python_version >= '2.7' and python_version not in '3.0, 3.1, 3.2, 3.3, 3.4'",
            "version": "==1.13.3"
        }
    },
    "develop": {
        "black": {
            "hashes": [
                "sha256:07e5c049442d7ca1a2fc273c79d1aecbbf1bc858f62e8184abe1ad175c4f7cc2",
                "sha256:0e21e1f1efa65a50e3960edd068b6ae6d64ad6235bd8bfea116a03b21836af71",
                "sha256:1297c63b9e1b96a3d0da2d85d11cd9bf8664251fd69ddac068b98dc4f34f73b6",
                "sha256:228b5ae2c8e3d6227e4bde5920d2fc66cc3400fde7bcc74f480cb07ef0b570d5",
                "sha256:2d6f331c02f0f40aa51a22e479c8209d37fcd520c77721c034517d44eecf5912",
                "sha256:2ff96450d3ad9ea499fc4c60e425a1439c2120cbbc1ab959ff20f7c76ec7e866",
                "sha256:3524739d76b6b3ed1132422bf9d82123cd1705086723bc3e235ca39fd21c667d",
                "sha256:35944b7100af4a985abfcaa860b06af15590deb1f392f06c8683b4381e8eeaf0",
                "sha256:373922fc66676133ddc3e754e4509196a8c392fec3f5ca4486673e685a421321",
                "sha256:5fa1db02410b1924b6749c245ab38d30621564e658297484952f3d8a39fce7e8",
                "sha256:6f2f01381f91c1efb1451998bd65a129b3ed6f64f79663a55fe0e9b74a5f81fd",
                "sha256:742ce9af3086e5bd07e58c8feb09dbb2b047b7f566eb5f5bc63fd455814979f3",
                "sha256:7835fee5238fc0a0baf6c9268fb816b5f5cd9b8793423a75e8cd663c48d073ba",
                "sha256:8871fcb4b447206904932b54b567923e5be802b9b19b744fdff092bd2f3118d0",
                "sha256:a7c0192d35635f6fc1174be575cb7915e92e5dd629ee79fdaf0dcfa41a80afb5",
                "sha256:b1a5ed73ab4c482208d20434f700d514f66ffe2840f63a6252ecc43a9bc77e8a",
                "sha256:c8226f50b8c34a14608b848dc23a46e5d08397d009446353dad45e04af0c8e28",
                "sha256:ccad888050f5393f0d6029deea2a33e5ae371fd182a697313bdbd835d3edaf9c",
                "sha256:dae63f2dbf82882fa3b2a3c49c32bffe144970a573cd68d247af6560fc493ae1",
                "sha256:e2f69158a7d120fd641d1fa9a921d898e20d52e44a74a6fbbcc570a62a6bc8ab",
                "sha256:efbadd9b52c060a8fc3b9658744091cb33c31f830b3f074422ed27bad2b18e8f",
                "sha256:f5660feab44c2e3cb24b2419b998846cbb01c23c7fe645fee45087efa3da2d61",
                "sha256:fdb8754b453fb15fad3f72cd9cad3e16776f0964d67cf30ebcbf10327a3777a3"
            ],
            "index": "pypi",
            "version": "==22.1.0"
        },
        "click": {
            "hashes": [
                "sha256:353f466495adaeb40b6b5f592f9f91cb22372351c84caeb068132442a4518ef3",
                "sha256:410e932b050f5eed773c4cda94de75971c89cdb3155a72a0831139a79e5ecb5b"
            ],
            "markers": "python_version >= '3.6'",
            "version": "==8.0.3"
        },
        "mypy-extensions": {
            "hashes": [
                "sha256:090fedd75945a69ae91ce1303b5824f428daf5a028d2f6ab8a299250a846f15d",
                "sha256:2d82818f5bb3e369420cb3c4060a7970edba416647068eb4c5343488a6c604a8"
            ],
            "version": "==0.4.3"
        },
        "pathspec": {
            "hashes": [
                "sha256:7d15c4ddb0b5c802d161efc417ec1a2558ea2653c2e8ad9c19098201dc1c993a",
                "sha256:e564499435a2673d586f6b2130bb5b95f04a3ba06f81b8f895b651a3c76aabb1"
            ],
            "version": "==0.9.0"
        },
        "platformdirs": {
            "hashes": [
                "sha256:1d7385c7db91728b83efd0ca99a5afb296cab9d0ed8313a45ed8ba17967ecfca",
                "sha256:440633ddfebcc36264232365d7840a970e75e1018d15b4327d11f91909045fda"
            ],
            "markers": "python_version >= '3.7'",
            "version": "==2.4.1"
        },
        "tomli": {
            "hashes": [
                "sha256:b5bde28da1fed24b9bd1d4d2b8cba62300bfb4ec9a6187a957e8ddb9434c5224",
                "sha256:c292c34f58502a1eb2bbb9f5bbc9a5ebc37bee10ffb8c2d6bbdfa8eb13cc14e1"
            ],
            "markers": "python_version >= '3.7'",
            "version": "==2.0.0"
        },
        "typing-extensions": {
            "hashes": [
                "sha256:4ca091dea149f945ec56afb48dae714f21e8692ef22a395223bcd328961b6a0e",
                "sha256:7f001e5ac290a0c0401508864c7ec868be4e701886d5b573a9528ed3973d9d3b"
            ],
            "markers": "python_version < '3.10'",
            "version": "==4.0.1"
        }
    }
}
